
Microsoft Visual Studio Solution File, Format Version 12.00
# Visual Studio Version 16
VisualStudioVersion = 16.0.33801.447
MinimumVisualStudioVersion = 10.0.40219.1
Project("{8BC9CEB8-8B4A-11D0-8D11-00A0C91BC942}") = "WindowManager", "WindowManager.vcxproj", "{8FCBCF44-D766-46ED-9B07-11FD69517023}"
EndProject
Project("{8BC9CEB8-8B4A-11D0-8D11-00A0C91BC942}") = "EnglishTrainer", "..\EnglishTrainer\EnglishTrainer.vcxproj", "{AFCD21BC-3281-4B92-BF55-D07989EE233D}"
EndProject
Global
	GlobalSection(SolutionConfigurationPlatforms) = preSolution
		Debug|x64 = Debug|x64
		Debug|x86 = Debug|x86
		Release|x64 = Release|x64
		Release|x86 = Release|x86
	EndGlobalSection
	GlobalSection(ProjectConfigurationPlatforms) = postSolution
		{8FCBCF44-D766-46ED-9B07-11FD69517023}.Debug|x64.ActiveCfg = Debug|x64
		{8FCBCF44-D766-46ED-9B07-11FD69517023}.Debug|x64.Build.0 = Debug|x64
		{8FCBCF44-D766-46ED-9B07-11FD69517023}.Debug|x86.ActiveCfg = Debug|Win32
		{8FCBCF44-D766-46ED-9B07-11FD69517023}.Debug|x86.Build.0 = Debug|Win32
		{8FCBCF44-D766-46ED-9B07-11FD69517023}.Release|x64.ActiveCfg = Release|x64
		{8FCBCF44-D766-46ED-9B07-11FD69517023}.Release|x64.Build.0 = Release|x64
		{8FCBCF44-D766-46ED-9B07-11FD69517023}.Release|x86.ActiveCfg = Release|Win32
		{8FCBCF44-D766-46ED-9B07-11FD69517023}.Release|x86.Build.0 = Release|Win32
		{AFCD21BC-3281-4B92-BF55-D07989EE233D}.Debug|x64.ActiveCfg = Debug|x64
		{AFCD21BC-3281-4B92-BF55-D07989EE233D}.Debug|x64.Build.0 = Debug|x64
		{AFCD21BC-3281-4B92-BF55-D07989EE233D}.Debug|x86.ActiveCfg = Debug|Win32
		{AFCD21BC-3281-4B92-BF55-D07989EE233D}.Debug|x86.Build.0 = Debug|Win32
		{AFCD21BC-3281-4B92-BF55-D07989EE233D}.Release|x64.ActiveCfg = Release|x64
		{AFCD21BC-3281-4B92-BF55-D07989EE233D}.Release|x64.Build.0 = Release|x64
		{AFCD21BC-3281-4B92-BF55-D07989EE233D}.Release|x86.ActiveCfg = Release|Win32
		{AFCD21BC-3281-4B92-BF55-D07989EE233D}.Release|x86.Build.0 = Release|Win32
	EndGlobalSection
	GlobalSection(SolutionProperties) = preSolution
		HideSolutionNode = FALSE
	EndGlobalSection
	GlobalSection(ExtensibilityGlobals) = postSolution
		SolutionGuid = {AB9EFF40-267F-4EBB-86FF-8FAA77CD237E}
	EndGlobalSection
EndGlobal
